{
  "name": "comedorgo",
  "version": "1.0.0",
  "lockfileVersion": 3,
  "requires": true,
  "packages": {
    "": {
      "name": "comedorgo",
      "version": "1.0.0",
      "license": "ISC",
      "dependencies": {
        "apexcharts": "^5.10.6"
      }
    },
    "node_modules/apexcharts": {
      "version": "5.10.6",
      "resolved": "https://registry.npmjs.org/apexcharts/-/apexcharts-5.10.6.tgz",
      "integrity": "sha512-FJQGbso3iRuOwUYnj0yUhkWeKeJE6aboVol+ae09lsc+lbLMWZqSRbrAWVa/qishLiaeG2icxdvmVkm+9n6kOQ==",
      "license": "SEE LICENSE IN LICENSE"
    }
  }
}
